
Microsoft Visual Studio Solution File, Format Version 12.00
# Visual Studio Version 16
VisualStudioVersion = 16.0.30204.135
MinimumVisualStudioVersion = 10.0.40219.1
Project("{FAE04EC0-301F-11D3-BF4B-00C04F79EFBC}") = "GameOverBoardGame", "GameOverBoardGame\GameOverBoardGame.csproj", "{EE57567B-E8CB-44CE-8F70-B2E722F9AE03}"
EndProject
Global
	GlobalSection(SolutionConfigurationPlatforms) = preSolution
		Debug|Any CPU = Debug|Any CPU
		Release|Any CPU = Release|Any CPU
	EndGlobalSection
	GlobalSection(ProjectConfigurationPlatforms) = postSolution
		{EE57567B-E8CB-44CE-8F70-B2E722F9AE03}.Debug|Any CPU.ActiveCfg = Debug|Any CPU
		{EE57567B-E8CB-44CE-8F70-B2E722F9AE03}.Debug|Any CPU.Build.0 = Debug|Any CPU
		{EE57567B-E8CB-44CE-8F70-B2E722F9AE03}.Release|Any CPU.ActiveCfg = Release|Any CPU
		{EE57567B-E8CB-44CE-8F70-B2E722F9AE03}.Release|Any CPU.Build.0 = Release|Any CPU
	EndGlobalSection
	GlobalSection(SolutionProperties) = preSolution
		HideSolutionNode = FALSE
	EndGlobalSection
	GlobalSection(ExtensibilityGlobals) = postSolution
		SolutionGuid = {4C8EA3C2-D573-4866-82D9-8B6E2C80F507}
	EndGlobalSection
EndGlobal
